<?xml version="1.0" encoding="utf-8"?>
<Project ToolsVersion="4.0" xmlns="http://schemas.microsoft.com/developer/msbuild/2003">
  <ItemGroup>
    <Filter Include="ソース ファイル">
      <UniqueIdentifier>{4FC737F1-C7A5-4376-A066-2A32D752A2FF}</UniqueIdentifier>
      <Extensions>cpp;c;cc;cxx;def;odl;idl;hpj;bat;asm;asmx</Extensions>
    </Filter>
    <Filter Include="ヘッダー ファイル">
      <UniqueIdentifier>{93995380-89BD-4b04-88EB-625FBE52EBFB}</UniqueIdentifier>
      <Extensions>h;hh;hpp;hxx;hm;inl;inc;xsd</Extensions>
    </Filter>
    <Filter Include="リソース ファイル">
      <UniqueIdentifier>{67DA6AB6-F800-4c08-8B7A-83BB121AAD01}</UniqueIdentifier>
      <Extensions>rc;ico;cur;bmp;dlg;rc2;rct;bin;rgs;gif;jpg;jpeg;jpe;resx;tiff;tif;png;wav;mfcribbon-ms</Extensions>
    </Filter>
  </ItemGroup>
  <ItemGroup>
    <ClCompile Include="..\..\..\..\..\..\吉田学園情報ビジネス専門学校%40小林将兵\制作作品 まとめ\1年生作品\イベント\2017年%40夏ハッカソン\2017年度夏ハッカソン\bg.cpp">
      <Filter>ソース ファイル</Filter>
    </ClCompile>
    <ClCompile Include="..\..\..\..\..\..\吉田学園情報ビジネス専門学校%40小林将兵\制作作品 まとめ\1年生作品\イベント\2017年%40夏ハッカソン\2017年度夏ハッカソン\bullet.cpp">
      <Filter>ソース ファイル</Filter>
    </ClCompile>
    <ClCompile Include="..\..\..\..\..\..\吉田学園情報ビジネス専門学校%40小林将兵\制作作品 まとめ\1年生作品\イベント\2017年%40夏ハッカソン\2017年度夏ハッカソン\castle.cpp">
      <Filter>ソース ファイル</Filter>
    </ClCompile>
    <ClCompile Include="..\..\..\..\..\..\吉田学園情報ビジネス専門学校%40小林将兵\制作作品 まとめ\1年生作品\イベント\2017年%40夏ハッカソン\2017年度夏ハッカソン\castlelife.cpp">
      <Filter>ソース ファイル</Filter>
    </ClCompile>
    <ClCompile Include="..\..\..\..\..\..\吉田学園情報ビジネス専門学校%40小林将兵\制作作品 まとめ\1年生作品\イベント\2017年%40夏ハッカソン\2017年度夏ハッカソン\chargebar.cpp">
      <Filter>ソース ファイル</Filter>
    </ClCompile>
    <ClCompile Include="..\..\..\..\..\..\吉田学園情報ビジネス専門学校%40小林将兵\制作作品 まとめ\1年生作品\イベント\2017年%40夏ハッカソン\2017年度夏ハッカソン\clear.cpp">
      <Filter>ソース ファイル</Filter>
    </ClCompile>
    <ClCompile Include="..\..\..\..\..\..\吉田学園情報ビジネス専門学校%40小林将兵\制作作品 まとめ\1年生作品\イベント\2017年%40夏ハッカソン\2017年度夏ハッカソン\enemy.cpp">
      <Filter>ソース ファイル</Filter>
    </ClCompile>
    <ClCompile Include="..\..\..\..\..\..\吉田学園情報ビジネス専門学校%40小林将兵\制作作品 まとめ\1年生作品\イベント\2017年%40夏ハッカソン\2017年度夏ハッカソン\explosion.cpp">
      <Filter>ソース ファイル</Filter>
    </ClCompile>
    <ClCompile Include="..\..\..\..\..\..\吉田学園情報ビジネス専門学校%40小林将兵\制作作品 まとめ\1年生作品\イベント\2017年%40夏ハッカソン\2017年度夏ハッカソン\fade.cpp">
      <Filter>ソース ファイル</Filter>
    </ClCompile>
    <ClCompile Include="..\..\..\..\..\..\吉田学園情報ビジネス専門学校%40小林将兵\制作作品 まとめ\1年生作品\イベント\2017年%40夏ハッカソン\2017年度夏ハッカソン\game.cpp">
      <Filter>ソース ファイル</Filter>
    </ClCompile>
    <ClCompile Include="..\..\..\..\..\..\吉田学園情報ビジネス専門学校%40小林将兵\制作作品 まとめ\1年生作品\イベント\2017年%40夏ハッカソン\2017年度夏ハッカソン\input.cpp">
      <Filter>ソース ファイル</Filter>
    </ClCompile>
    <ClCompile Include="..\..\..\..\..\..\吉田学園情報ビジネス専門学校%40小林将兵\制作作品 まとめ\1年生作品\イベント\2017年%40夏ハッカソン\2017年度夏ハッカソン\life.cpp">
      <Filter>ソース ファイル</Filter>
    </ClCompile>
    <ClCompile Include="..\..\..\..\..\..\吉田学園情報ビジネス専門学校%40小林将兵\制作作品 まとめ\1年生作品\イベント\2017年%40夏ハッカソン\2017年度夏ハッカソン\main.cpp">
      <Filter>ソース ファイル</Filter>
    </ClCompile>
    <ClCompile Include="..\..\..\..\..\..\吉田学園情報ビジネス専門学校%40小林将兵\制作作品 まとめ\1年生作品\イベント\2017年%40夏ハッカソン\2017年度夏ハッカソン\pause.cpp">
      <Filter>ソース ファイル</Filter>
    </ClCompile>
    <ClCompile Include="..\..\..\..\..\..\吉田学園情報ビジネス専門学校%40小林将兵\制作作品 まとめ\1年生作品\イベント\2017年%40夏ハッカソン\2017年度夏ハッカソン\pausemenu.cpp">
      <Filter>ソース ファイル</Filter>
    </ClCompile>
    <ClCompile Include="..\..\..\..\..\..\吉田学園情報ビジネス専門学校%40小林将兵\制作作品 まとめ\1年生作品\イベント\2017年%40夏ハッカソン\2017年度夏ハッカソン\player.cpp">
      <Filter>ソース ファイル</Filter>
    </ClCompile>
    <ClCompile Include="..\..\..\..\..\..\吉田学園情報ビジネス専門学校%40小林将兵\制作作品 まとめ\1年生作品\イベント\2017年%40夏ハッカソン\2017年度夏ハッカソン\result.cpp">
      <Filter>ソース ファイル</Filter>
    </ClCompile>
    <ClCompile Include="..\..\..\..\..\..\吉田学園情報ビジネス専門学校%40小林将兵\制作作品 まとめ\1年生作品\イベント\2017年%40夏ハッカソン\2017年度夏ハッカソン\sound.cpp">
      <Filter>ソース ファイル</Filter>
    </ClCompile>
    <ClCompile Include="..\..\..\..\..\..\吉田学園情報ビジネス専門学校%40小林将兵\制作作品 まとめ\1年生作品\イベント\2017年%40夏ハッカソン\2017年度夏ハッカソン\stamina.cpp">
      <Filter>ソース ファイル</Filter>
    </ClCompile>
    <ClCompile Include="..\..\..\..\..\..\吉田学園情報ビジネス専門学校%40小林将兵\制作作品 まとめ\1年生作品\イベント\2017年%40夏ハッカソン\2017年度夏ハッカソン\timer.cpp">
      <Filter>ソース ファイル</Filter>
    </ClCompile>
    <ClCompile Include="..\..\..\..\..\..\吉田学園情報ビジネス専門学校%40小林将兵\制作作品 まとめ\1年生作品\イベント\2017年%40夏ハッカソン\2017年度夏ハッカソン\title.cpp">
      <Filter>ソース ファイル</Filter>
    </ClCompile>
    <ClCompile Include="..\..\..\..\..\..\吉田学園情報ビジネス専門学校%40小林将兵\制作作品 まとめ\1年生作品\イベント\2017年%40夏ハッカソン\2017年度夏ハッカソン\tuto.cpp">
      <Filter>ソース ファイル</Filter>
    </ClCompile>
  </ItemGroup>
  <ItemGroup>
    <ClInclude Include="..\..\..\..\..\..\吉田学園情報ビジネス専門学校%40小林将兵\制作作品 まとめ\1年生作品\イベント\2017年%40夏ハッカソン\2017年度夏ハッカソン\bg.h">
      <Filter>ヘッダー ファイル</Filter>
    </ClInclude>
    <ClInclude Include="..\..\..\..\..\..\吉田学園情報ビジネス専門学校%40小林将兵\制作作品 まとめ\1年生作品\イベント\2017年%40夏ハッカソン\2017年度夏ハッカソン\bullet.h">
      <Filter>ヘッダー ファイル</Filter>
    </ClInclude>
    <ClInclude Include="..\..\..\..\..\..\吉田学園情報ビジネス専門学校%40小林将兵\制作作品 まとめ\1年生作品\イベント\2017年%40夏ハッカソン\2017年度夏ハッカソン\castle.h">
      <Filter>ヘッダー ファイル</Filter>
    </ClInclude>
    <ClInclude Include="..\..\..\..\..\..\吉田学園情報ビジネス専門学校%40小林将兵\制作作品 まとめ\1年生作品\イベント\2017年%40夏ハッカソン\2017年度夏ハッカソン\castlelife.h">
      <Filter>ヘッダー ファイル</Filter>
    </ClInclude>
    <ClInclude Include="..\..\..\..\..\..\吉田学園情報ビジネス専門学校%40小林将兵\制作作品 まとめ\1年生作品\イベント\2017年%40夏ハッカソン\2017年度夏ハッカソン\chargebar.h">
      <Filter>ヘッダー ファイル</Filter>
    </ClInclude>
    <ClInclude Include="..\..\..\..\..\..\吉田学園情報ビジネス専門学校%40小林将兵\制作作品 まとめ\1年生作品\イベント\2017年%40夏ハッカソン\2017年度夏ハッカソン\clear.h">
      <Filter>ヘッダー ファイル</Filter>
    </ClInclude>
    <ClInclude Include="..\..\..\..\..\..\吉田学園情報ビジネス専門学校%40小林将兵\制作作品 まとめ\1年生作品\イベント\2017年%40夏ハッカソン\2017年度夏ハッカソン\enemy.h">
      <Filter>ヘッダー ファイル</Filter>
    </ClInclude>
    <ClInclude Include="..\..\..\..\..\..\吉田学園情報ビジネス専門学校%40小林将兵\制作作品 まとめ\1年生作品\イベント\2017年%40夏ハッカソン\2017年度夏ハッカソン\explosion.h">
      <Filter>ヘッダー ファイル</Filter>
    </ClInclude>
    <ClInclude Include="..\..\..\..\..\..\吉田学園情報ビジネス専門学校%40小林将兵\制作作品 まとめ\1年生作品\イベント\2017年%40夏ハッカソン\2017年度夏ハッカソン\fade.h">
      <Filter>ヘッダー ファイル</Filter>
    </ClInclude>
    <ClInclude Include="..\..\..\..\..\..\吉田学園情報ビジネス専門学校%40小林将兵\制作作品 まとめ\1年生作品\イベント\2017年%40夏ハッカソン\2017年度夏ハッカソン\game.h">
      <Filter>ヘッダー ファイル</Filter>
    </ClInclude>
    <ClInclude Include="..\..\..\..\..\..\吉田学園情報ビジネス専門学校%40小林将兵\制作作品 まとめ\1年生作品\イベント\2017年%40夏ハッカソン\2017年度夏ハッカソン\input.h">
      <Filter>ヘッダー ファイル</Filter>
    </ClInclude>
    <ClInclude Include="..\..\..\..\..\..\吉田学園情報ビジネス専門学校%40小林将兵\制作作品 まとめ\1年生作品\イベント\2017年%40夏ハッカソン\2017年度夏ハッカソン\life.h">
      <Filter>ヘッダー ファイル</Filter>
    </ClInclude>
    <ClInclude Include="..\..\..\..\..\..\吉田学園情報ビジネス専門学校%40小林将兵\制作作品 まとめ\1年生作品\イベント\2017年%40夏ハッカソン\2017年度夏ハッカソン\main.h">
      <Filter>ヘッダー ファイル</Filter>
    </ClInclude>
    <ClInclude Include="..\..\..\..\..\..\吉田学園情報ビジネス専門学校%40小林将兵\制作作品 まとめ\1年生作品\イベント\2017年%40夏ハッカソン\2017年度夏ハッカソン\pause.h">
      <Filter>ヘッダー ファイル</Filter>
    </ClInclude>
    <ClInclude Include="..\..\..\..\..\..\吉田学園情報ビジネス専門学校%40小林将兵\制作作品 まとめ\1年生作品\イベント\2017年%40夏ハッカソン\2017年度夏ハッカソン\pausemenu.h">
      <Filter>ヘッダー ファイル</Filter>
    </ClInclude>
    <ClInclude Include="..\..\..\..\..\..\吉田学園情報ビジネス専門学校%40小林将兵\制作作品 まとめ\1年生作品\イベント\2017年%40夏ハッカソン\2017年度夏ハッカソン\player.h">
      <Filter>ヘッダー ファイル</Filter>
    </ClInclude>
    <ClInclude Include="..\..\..\..\..\..\吉田学園情報ビジネス専門学校%40小林将兵\制作作品 まとめ\1年生作品\イベント\2017年%40夏ハッカソン\2017年度夏ハッカソン\result.h">
      <Filter>ヘッダー ファイル</Filter>
    </ClInclude>
    <ClInclude Include="..\..\..\..\..\..\吉田学園情報ビジネス専門学校%40小林将兵\制作作品 まとめ\1年生作品\イベント\2017年%40夏ハッカソン\2017年度夏ハッカソン\sound.h">
      <Filter>ヘッダー ファイル</Filter>
    </ClInclude>
    <ClInclude Include="..\..\..\..\..\..\吉田学園情報ビジネス専門学校%40小林将兵\制作作品 まとめ\1年生作品\イベント\2017年%40夏ハッカソン\2017年度夏ハッカソン\stamina.h">
      <Filter>ヘッダー ファイル</Filter>
    </ClInclude>
    <ClInclude Include="..\..\..\..\..\..\吉田学園情報ビジネス専門学校%40小林将兵\制作作品 まとめ\1年生作品\イベント\2017年%40夏ハッカソン\2017年度夏ハッカソン\timer.h">
      <Filter>ヘッダー ファイル</Filter>
    </ClInclude>
    <ClInclude Include="..\..\..\..\..\..\吉田学園情報ビジネス専門学校%40小林将兵\制作作品 まとめ\1年生作品\イベント\2017年%40夏ハッカソン\2017年度夏ハッカソン\title.h">
      <Filter>ヘッダー ファイル</Filter>
    </ClInclude>
    <ClInclude Include="..\..\..\..\..\..\吉田学園情報ビジネス専門学校%40小林将兵\制作作品 まとめ\1年生作品\イベント\2017年%40夏ハッカソン\2017年度夏ハッカソン\tuto.h">
      <Filter>ヘッダー ファイル</Filter>
    </ClInclude>
  </ItemGroup>
</Project>