<?xml version="1.0" encoding="utf-8"?>
<Project ToolsVersion="4.0" xmlns="http://schemas.microsoft.com/developer/msbuild/2003">
  <ItemGroup>
    <Filter Include="ソース ファイル">
      <UniqueIdentifier>{4FC737F1-C7A5-4376-A066-2A32D752A2FF}</UniqueIdentifier>
      <Extensions>cpp;c;cc;cxx;def;odl;idl;hpj;bat;asm;asmx</Extensions>
    </Filter>
    <Filter Include="ヘッダー ファイル">
      <UniqueIdentifier>{93995380-89BD-4b04-88EB-625FBE52EBFB}</UniqueIdentifier>
      <Extensions>h;hh;hpp;hxx;hm;inl;inc;xsd</Extensions>
    </Filter>
    <Filter Include="リソース ファイル">
      <UniqueIdentifier>{67DA6AB6-F800-4c08-8B7A-83BB121AAD01}</UniqueIdentifier>
      <Extensions>rc;ico;cur;bmp;dlg;rc2;rct;bin;rgs;gif;jpg;jpeg;jpe;resx;tiff;tif;png;wav;mfcribbon-ms</Extensions>
    </Filter>
  </ItemGroup>
  <ItemGroup>
    <ClCompile Include="..\..\..\..\吉田学園情報ビジネス専門学校%40小林将兵\2年生 制作まとめ\2年生%402Dシューティング\2年生%402Dシューティング\action.cpp">
      <Filter>ソース ファイル</Filter>
    </ClCompile>
    <ClCompile Include="..\..\..\..\吉田学園情報ビジネス専門学校%40小林将兵\2年生 制作まとめ\2年生%402Dシューティング\2年生%402Dシューティング\bg.cpp">
      <Filter>ソース ファイル</Filter>
    </ClCompile>
    <ClCompile Include="..\..\..\..\吉田学園情報ビジネス専門学校%40小林将兵\2年生 制作まとめ\2年生%402Dシューティング\2年生%402Dシューティング\bloodGauge.cpp">
      <Filter>ソース ファイル</Filter>
    </ClCompile>
    <ClCompile Include="..\..\..\..\吉田学園情報ビジネス専門学校%40小林将兵\2年生 制作まとめ\2年生%402Dシューティング\2年生%402Dシューティング\bullet.cpp">
      <Filter>ソース ファイル</Filter>
    </ClCompile>
    <ClCompile Include="..\..\..\..\吉田学園情報ビジネス専門学校%40小林将兵\2年生 制作まとめ\2年生%402Dシューティング\2年生%402Dシューティング\continuity.cpp">
      <Filter>ソース ファイル</Filter>
    </ClCompile>
    <ClCompile Include="..\..\..\..\吉田学園情報ビジネス専門学校%40小林将兵\2年生 制作まとめ\2年生%402Dシューティング\2年生%402Dシューティング\effect.cpp">
      <Filter>ソース ファイル</Filter>
    </ClCompile>
    <ClCompile Include="..\..\..\..\吉田学園情報ビジネス専門学校%40小林将兵\2年生 制作まとめ\2年生%402Dシューティング\2年生%402Dシューティング\enemy.cpp">
      <Filter>ソース ファイル</Filter>
    </ClCompile>
    <ClCompile Include="..\..\..\..\吉田学園情報ビジネス専門学校%40小林将兵\2年生 制作まとめ\2年生%402Dシューティング\2年生%402Dシューティング\explosion.cpp">
      <Filter>ソース ファイル</Filter>
    </ClCompile>
    <ClCompile Include="..\..\..\..\吉田学園情報ビジネス専門学校%40小林将兵\2年生 制作まとめ\2年生%402Dシューティング\2年生%402Dシューティング\fade.cpp">
      <Filter>ソース ファイル</Filter>
    </ClCompile>
    <ClCompile Include="..\..\..\..\吉田学園情報ビジネス専門学校%40小林将兵\2年生 制作まとめ\2年生%402Dシューティング\2年生%402Dシューティング\game.cpp">
      <Filter>ソース ファイル</Filter>
    </ClCompile>
    <ClCompile Include="..\..\..\..\吉田学園情報ビジネス専門学校%40小林将兵\2年生 制作まとめ\2年生%402Dシューティング\2年生%402Dシューティング\gauge.cpp">
      <Filter>ソース ファイル</Filter>
    </ClCompile>
    <ClCompile Include="..\..\..\..\吉田学園情報ビジネス専門学校%40小林将兵\2年生 制作まとめ\2年生%402Dシューティング\2年生%402Dシューティング\input.cpp">
      <Filter>ソース ファイル</Filter>
    </ClCompile>
    <ClCompile Include="..\..\..\..\吉田学園情報ビジネス専門学校%40小林将兵\2年生 制作まとめ\2年生%402Dシューティング\2年生%402Dシューティング\life.cpp">
      <Filter>ソース ファイル</Filter>
    </ClCompile>
    <ClCompile Include="..\..\..\..\吉田学園情報ビジネス専門学校%40小林将兵\2年生 制作まとめ\2年生%402Dシューティング\2年生%402Dシューティング\main.cpp">
      <Filter>ソース ファイル</Filter>
    </ClCompile>
    <ClCompile Include="..\..\..\..\吉田学園情報ビジネス専門学校%40小林将兵\2年生 制作まとめ\2年生%402Dシューティング\2年生%402Dシューティング\manager.cpp">
      <Filter>ソース ファイル</Filter>
    </ClCompile>
    <ClCompile Include="..\..\..\..\吉田学園情報ビジネス専門学校%40小林将兵\2年生 制作まとめ\2年生%402Dシューティング\2年生%402Dシューティング\number.cpp">
      <Filter>ソース ファイル</Filter>
    </ClCompile>
    <ClCompile Include="..\..\..\..\吉田学園情報ビジネス専門学校%40小林将兵\2年生 制作まとめ\2年生%402Dシューティング\2年生%402Dシューティング\pause.cpp">
      <Filter>ソース ファイル</Filter>
    </ClCompile>
    <ClCompile Include="..\..\..\..\吉田学園情報ビジネス専門学校%40小林将兵\2年生 制作まとめ\2年生%402Dシューティング\2年生%402Dシューティング\player.cpp">
      <Filter>ソース ファイル</Filter>
    </ClCompile>
    <ClCompile Include="..\..\..\..\吉田学園情報ビジネス専門学校%40小林将兵\2年生 制作まとめ\2年生%402Dシューティング\2年生%402Dシューティング\renderer.cpp">
      <Filter>ソース ファイル</Filter>
    </ClCompile>
    <ClCompile Include="..\..\..\..\吉田学園情報ビジネス専門学校%40小林将兵\2年生 制作まとめ\2年生%402Dシューティング\2年生%402Dシューティング\result.cpp">
      <Filter>ソース ファイル</Filter>
    </ClCompile>
    <ClCompile Include="..\..\..\..\吉田学園情報ビジネス専門学校%40小林将兵\2年生 制作まとめ\2年生%402Dシューティング\2年生%402Dシューティング\scene.cpp">
      <Filter>ソース ファイル</Filter>
    </ClCompile>
    <ClCompile Include="..\..\..\..\吉田学園情報ビジネス専門学校%40小林将兵\2年生 制作まとめ\2年生%402Dシューティング\2年生%402Dシューティング\scene2D.cpp">
      <Filter>ソース ファイル</Filter>
    </ClCompile>
    <ClCompile Include="..\..\..\..\吉田学園情報ビジネス専門学校%40小林将兵\2年生 制作まとめ\2年生%402Dシューティング\2年生%402Dシューティング\score.cpp">
      <Filter>ソース ファイル</Filter>
    </ClCompile>
    <ClCompile Include="..\..\..\..\吉田学園情報ビジネス専門学校%40小林将兵\2年生 制作まとめ\2年生%402Dシューティング\2年生%402Dシューティング\sound.cpp">
      <Filter>ソース ファイル</Filter>
    </ClCompile>
    <ClCompile Include="..\..\..\..\吉田学園情報ビジネス専門学校%40小林将兵\2年生 制作まとめ\2年生%402Dシューティング\2年生%402Dシューティング\time.cpp">
      <Filter>ソース ファイル</Filter>
    </ClCompile>
    <ClCompile Include="..\..\..\..\吉田学園情報ビジネス専門学校%40小林将兵\2年生 制作まとめ\2年生%402Dシューティング\2年生%402Dシューティング\title.cpp">
      <Filter>ソース ファイル</Filter>
    </ClCompile>
    <ClCompile Include="..\..\..\..\吉田学園情報ビジネス専門学校%40小林将兵\2年生 制作まとめ\2年生%402Dシューティング\2年生%402Dシューティング\tutorial.cpp">
      <Filter>ソース ファイル</Filter>
    </ClCompile>
    <ClCompile Include="..\..\..\..\吉田学園情報ビジネス専門学校%40小林将兵\2年生 制作まとめ\2年生%402Dシューティング\2年生%402Dシューティング\UI.cpp">
      <Filter>ソース ファイル</Filter>
    </ClCompile>
  </ItemGroup>
  <ItemGroup>
    <ClInclude Include="..\..\..\..\吉田学園情報ビジネス専門学校%40小林将兵\2年生 制作まとめ\2年生%402Dシューティング\2年生%402Dシューティング\action.h">
      <Filter>ヘッダー ファイル</Filter>
    </ClInclude>
    <ClInclude Include="..\..\..\..\吉田学園情報ビジネス専門学校%40小林将兵\2年生 制作まとめ\2年生%402Dシューティング\2年生%402Dシューティング\bg.h">
      <Filter>ヘッダー ファイル</Filter>
    </ClInclude>
    <ClInclude Include="..\..\..\..\吉田学園情報ビジネス専門学校%40小林将兵\2年生 制作まとめ\2年生%402Dシューティング\2年生%402Dシューティング\bloodGauge.h">
      <Filter>ヘッダー ファイル</Filter>
    </ClInclude>
    <ClInclude Include="..\..\..\..\吉田学園情報ビジネス専門学校%40小林将兵\2年生 制作まとめ\2年生%402Dシューティング\2年生%402Dシューティング\bullet.h">
      <Filter>ヘッダー ファイル</Filter>
    </ClInclude>
    <ClInclude Include="..\..\..\..\吉田学園情報ビジネス専門学校%40小林将兵\2年生 制作まとめ\2年生%402Dシューティング\2年生%402Dシューティング\continuity.h">
      <Filter>ヘッダー ファイル</Filter>
    </ClInclude>
    <ClInclude Include="..\..\..\..\吉田学園情報ビジネス専門学校%40小林将兵\2年生 制作まとめ\2年生%402Dシューティング\2年生%402Dシューティング\effect.h">
      <Filter>ヘッダー ファイル</Filter>
    </ClInclude>
    <ClInclude Include="..\..\..\..\吉田学園情報ビジネス専門学校%40小林将兵\2年生 制作まとめ\2年生%402Dシューティング\2年生%402Dシューティング\enemy.h">
      <Filter>ヘッダー ファイル</Filter>
    </ClInclude>
    <ClInclude Include="..\..\..\..\吉田学園情報ビジネス専門学校%40小林将兵\2年生 制作まとめ\2年生%402Dシューティング\2年生%402Dシューティング\explosion.h">
      <Filter>ヘッダー ファイル</Filter>
    </ClInclude>
    <ClInclude Include="..\..\..\..\吉田学園情報ビジネス専門学校%40小林将兵\2年生 制作まとめ\2年生%402Dシューティング\2年生%402Dシューティング\fade.h">
      <Filter>ヘッダー ファイル</Filter>
    </ClInclude>
    <ClInclude Include="..\..\..\..\吉田学園情報ビジネス専門学校%40小林将兵\2年生 制作まとめ\2年生%402Dシューティング\2年生%402Dシューティング\game.h">
      <Filter>ヘッダー ファイル</Filter>
    </ClInclude>
    <ClInclude Include="..\..\..\..\吉田学園情報ビジネス専門学校%40小林将兵\2年生 制作まとめ\2年生%402Dシューティング\2年生%402Dシューティング\gauge.h">
      <Filter>ヘッダー ファイル</Filter>
    </ClInclude>
    <ClInclude Include="..\..\..\..\吉田学園情報ビジネス専門学校%40小林将兵\2年生 制作まとめ\2年生%402Dシューティング\2年生%402Dシューティング\input.h">
      <Filter>ヘッダー ファイル</Filter>
    </ClInclude>
    <ClInclude Include="..\..\..\..\吉田学園情報ビジネス専門学校%40小林将兵\2年生 制作まとめ\2年生%402Dシューティング\2年生%402Dシューティング\life.h">
      <Filter>ヘッダー ファイル</Filter>
    </ClInclude>
    <ClInclude Include="..\..\..\..\吉田学園情報ビジネス専門学校%40小林将兵\2年生 制作まとめ\2年生%402Dシューティング\2年生%402Dシューティング\main.h">
      <Filter>ヘッダー ファイル</Filter>
    </ClInclude>
    <ClInclude Include="..\..\..\..\吉田学園情報ビジネス専門学校%40小林将兵\2年生 制作まとめ\2年生%402Dシューティング\2年生%402Dシューティング\manager.h">
      <Filter>ヘッダー ファイル</Filter>
    </ClInclude>
    <ClInclude Include="..\..\..\..\吉田学園情報ビジネス専門学校%40小林将兵\2年生 制作まとめ\2年生%402Dシューティング\2年生%402Dシューティング\number.h">
      <Filter>ヘッダー ファイル</Filter>
    </ClInclude>
    <ClInclude Include="..\..\..\..\吉田学園情報ビジネス専門学校%40小林将兵\2年生 制作まとめ\2年生%402Dシューティング\2年生%402Dシューティング\pause.h">
      <Filter>ヘッダー ファイル</Filter>
    </ClInclude>
    <ClInclude Include="..\..\..\..\吉田学園情報ビジネス専門学校%40小林将兵\2年生 制作まとめ\2年生%402Dシューティング\2年生%402Dシューティング\player.h">
      <Filter>ヘッダー ファイル</Filter>
    </ClInclude>
    <ClInclude Include="..\..\..\..\吉田学園情報ビジネス専門学校%40小林将兵\2年生 制作まとめ\2年生%402Dシューティング\2年生%402Dシューティング\renderer.h">
      <Filter>ヘッダー ファイル</Filter>
    </ClInclude>
    <ClInclude Include="..\..\..\..\吉田学園情報ビジネス専門学校%40小林将兵\2年生 制作まとめ\2年生%402Dシューティング\2年生%402Dシューティング\result.h">
      <Filter>ヘッダー ファイル</Filter>
    </ClInclude>
    <ClInclude Include="..\..\..\..\吉田学園情報ビジネス専門学校%40小林将兵\2年生 制作まとめ\2年生%402Dシューティング\2年生%402Dシューティング\scene.h">
      <Filter>ヘッダー ファイル</Filter>
    </ClInclude>
    <ClInclude Include="..\..\..\..\吉田学園情報ビジネス専門学校%40小林将兵\2年生 制作まとめ\2年生%402Dシューティング\2年生%402Dシューティング\scene2D.h">
      <Filter>ヘッダー ファイル</Filter>
    </ClInclude>
    <ClInclude Include="..\..\..\..\吉田学園情報ビジネス専門学校%40小林将兵\2年生 制作まとめ\2年生%402Dシューティング\2年生%402Dシューティング\score.h">
      <Filter>ヘッダー ファイル</Filter>
    </ClInclude>
    <ClInclude Include="..\..\..\..\吉田学園情報ビジネス専門学校%40小林将兵\2年生 制作まとめ\2年生%402Dシューティング\2年生%402Dシューティング\sound.h">
      <Filter>ヘッダー ファイル</Filter>
    </ClInclude>
    <ClInclude Include="..\..\..\..\吉田学園情報ビジネス専門学校%40小林将兵\2年生 制作まとめ\2年生%402Dシューティング\2年生%402Dシューティング\time.h">
      <Filter>ヘッダー ファイル</Filter>
    </ClInclude>
    <ClInclude Include="..\..\..\..\吉田学園情報ビジネス専門学校%40小林将兵\2年生 制作まとめ\2年生%402Dシューティング\2年生%402Dシューティング\title.h">
      <Filter>ヘッダー ファイル</Filter>
    </ClInclude>
    <ClInclude Include="..\..\..\..\吉田学園情報ビジネス専門学校%40小林将兵\2年生 制作まとめ\2年生%402Dシューティング\2年生%402Dシューティング\tutorial.h">
      <Filter>ヘッダー ファイル</Filter>
    </ClInclude>
    <ClInclude Include="..\..\..\..\吉田学園情報ビジネス専門学校%40小林将兵\2年生 制作まとめ\2年生%402Dシューティング\2年生%402Dシューティング\UI.h">
      <Filter>ヘッダー ファイル</Filter>
    </ClInclude>
  </ItemGroup>
</Project>