<?xml version="1.0" encoding="utf-8"?>
<Project ToolsVersion="4.0" xmlns="http://schemas.microsoft.com/developer/msbuild/2003">
  <ItemGroup>
    <Filter Include="ソース ファイル">
      <UniqueIdentifier>{4FC737F1-C7A5-4376-A066-2A32D752A2FF}</UniqueIdentifier>
      <Extensions>cpp;c;cc;cxx;def;odl;idl;hpj;bat;asm;asmx</Extensions>
    </Filter>
    <Filter Include="ヘッダー ファイル">
      <UniqueIdentifier>{93995380-89BD-4b04-88EB-625FBE52EBFB}</UniqueIdentifier>
      <Extensions>h;hh;hpp;hxx;hm;inl;inc;xsd</Extensions>
    </Filter>
    <Filter Include="リソース ファイル">
      <UniqueIdentifier>{67DA6AB6-F800-4c08-8B7A-83BB121AAD01}</UniqueIdentifier>
      <Extensions>rc;ico;cur;bmp;dlg;rc2;rct;bin;rgs;gif;jpg;jpeg;jpe;resx;tiff;tif;png;wav;mfcribbon-ms</Extensions>
    </Filter>
  </ItemGroup>
  <ItemGroup>
    <ClCompile Include="..\..\..\..\..\..\吉田学園情報ビジネス専門学校%40小林将兵\制作作品 まとめ\1年生作品\イベント\2017年%40冬ハッカソン\冬ハッカソン\bg.cpp">
      <Filter>ソース ファイル</Filter>
    </ClCompile>
    <ClCompile Include="..\..\..\..\..\..\吉田学園情報ビジネス専門学校%40小林将兵\制作作品 まとめ\1年生作品\イベント\2017年%40冬ハッカソン\冬ハッカソン\bgtitle.cpp">
      <Filter>ソース ファイル</Filter>
    </ClCompile>
    <ClCompile Include="..\..\..\..\..\..\吉田学園情報ビジネス専門学校%40小林将兵\制作作品 まとめ\1年生作品\イベント\2017年%40冬ハッカソン\冬ハッカソン\block.cpp">
      <Filter>ソース ファイル</Filter>
    </ClCompile>
    <ClCompile Include="..\..\..\..\..\..\吉田学園情報ビジネス専門学校%40小林将兵\制作作品 まとめ\1年生作品\イベント\2017年%40冬ハッカソン\冬ハッカソン\callout.cpp">
      <Filter>ソース ファイル</Filter>
    </ClCompile>
    <ClCompile Include="..\..\..\..\..\..\吉田学園情報ビジネス専門学校%40小林将兵\制作作品 まとめ\1年生作品\イベント\2017年%40冬ハッカソン\冬ハッカソン\fade.cpp">
      <Filter>ソース ファイル</Filter>
    </ClCompile>
    <ClCompile Include="..\..\..\..\..\..\吉田学園情報ビジネス専門学校%40小林将兵\制作作品 まとめ\1年生作品\イベント\2017年%40冬ハッカソン\冬ハッカソン\game.cpp">
      <Filter>ソース ファイル</Filter>
    </ClCompile>
    <ClCompile Include="..\..\..\..\..\..\吉田学園情報ビジネス専門学校%40小林将兵\制作作品 まとめ\1年生作品\イベント\2017年%40冬ハッカソン\冬ハッカソン\gameover.cpp">
      <Filter>ソース ファイル</Filter>
    </ClCompile>
    <ClCompile Include="..\..\..\..\..\..\吉田学園情報ビジネス専門学校%40小林将兵\制作作品 まとめ\1年生作品\イベント\2017年%40冬ハッカソン\冬ハッカソン\input.cpp">
      <Filter>ソース ファイル</Filter>
    </ClCompile>
    <ClCompile Include="..\..\..\..\..\..\吉田学園情報ビジネス専門学校%40小林将兵\制作作品 まとめ\1年生作品\イベント\2017年%40冬ハッカソン\冬ハッカソン\item.cpp">
      <Filter>ソース ファイル</Filter>
    </ClCompile>
    <ClCompile Include="..\..\..\..\..\..\吉田学園情報ビジネス専門学校%40小林将兵\制作作品 まとめ\1年生作品\イベント\2017年%40冬ハッカソン\冬ハッカソン\itemstate.cpp">
      <Filter>ソース ファイル</Filter>
    </ClCompile>
    <ClCompile Include="..\..\..\..\..\..\吉田学園情報ビジネス専門学校%40小林将兵\制作作品 まとめ\1年生作品\イベント\2017年%40冬ハッカソン\冬ハッカソン\main.cpp">
      <Filter>ソース ファイル</Filter>
    </ClCompile>
    <ClCompile Include="..\..\..\..\..\..\吉田学園情報ビジネス専門学校%40小林将兵\制作作品 まとめ\1年生作品\イベント\2017年%40冬ハッカソン\冬ハッカソン\menu.cpp">
      <Filter>ソース ファイル</Filter>
    </ClCompile>
    <ClCompile Include="..\..\..\..\..\..\吉田学園情報ビジネス専門学校%40小林将兵\制作作品 まとめ\1年生作品\イベント\2017年%40冬ハッカソン\冬ハッカソン\pause.cpp">
      <Filter>ソース ファイル</Filter>
    </ClCompile>
    <ClCompile Include="..\..\..\..\..\..\吉田学園情報ビジネス専門学校%40小林将兵\制作作品 まとめ\1年生作品\イベント\2017年%40冬ハッカソン\冬ハッカソン\pausemenu.cpp">
      <Filter>ソース ファイル</Filter>
    </ClCompile>
    <ClCompile Include="..\..\..\..\..\..\吉田学園情報ビジネス専門学校%40小林将兵\制作作品 まとめ\1年生作品\イベント\2017年%40冬ハッカソン\冬ハッカソン\player.cpp">
      <Filter>ソース ファイル</Filter>
    </ClCompile>
    <ClCompile Include="..\..\..\..\..\..\吉田学園情報ビジネス専門学校%40小林将兵\制作作品 まとめ\1年生作品\イベント\2017年%40冬ハッカソン\冬ハッカソン\ranking.cpp">
      <Filter>ソース ファイル</Filter>
    </ClCompile>
    <ClCompile Include="..\..\..\..\..\..\吉田学園情報ビジネス専門学校%40小林将兵\制作作品 まとめ\1年生作品\イベント\2017年%40冬ハッカソン\冬ハッカソン\result.cpp">
      <Filter>ソース ファイル</Filter>
    </ClCompile>
    <ClCompile Include="..\..\..\..\..\..\吉田学園情報ビジネス専門学校%40小林将兵\制作作品 まとめ\1年生作品\イベント\2017年%40冬ハッカソン\冬ハッカソン\score.cpp">
      <Filter>ソース ファイル</Filter>
    </ClCompile>
    <ClCompile Include="..\..\..\..\..\..\吉田学園情報ビジネス専門学校%40小林将兵\制作作品 まとめ\1年生作品\イベント\2017年%40冬ハッカソン\冬ハッカソン\snow.cpp">
      <Filter>ソース ファイル</Filter>
    </ClCompile>
    <ClCompile Include="..\..\..\..\..\..\吉田学園情報ビジネス専門学校%40小林将兵\制作作品 まとめ\1年生作品\イベント\2017年%40冬ハッカソン\冬ハッカソン\sound.cpp">
      <Filter>ソース ファイル</Filter>
    </ClCompile>
    <ClCompile Include="..\..\..\..\..\..\吉田学園情報ビジネス専門学校%40小林将兵\制作作品 まとめ\1年生作品\イベント\2017年%40冬ハッカソン\冬ハッカソン\statusbar.cpp">
      <Filter>ソース ファイル</Filter>
    </ClCompile>
    <ClCompile Include="..\..\..\..\..\..\吉田学園情報ビジネス専門学校%40小林将兵\制作作品 まとめ\1年生作品\イベント\2017年%40冬ハッカソン\冬ハッカソン\time.cpp">
      <Filter>ソース ファイル</Filter>
    </ClCompile>
    <ClCompile Include="..\..\..\..\..\..\吉田学園情報ビジネス専門学校%40小林将兵\制作作品 まとめ\1年生作品\イベント\2017年%40冬ハッカソン\冬ハッカソン\timer.cpp">
      <Filter>ソース ファイル</Filter>
    </ClCompile>
    <ClCompile Include="..\..\..\..\..\..\吉田学園情報ビジネス専門学校%40小林将兵\制作作品 まとめ\1年生作品\イベント\2017年%40冬ハッカソン\冬ハッカソン\title.cpp">
      <Filter>ソース ファイル</Filter>
    </ClCompile>
    <ClCompile Include="..\..\..\..\..\..\吉田学園情報ビジネス専門学校%40小林将兵\制作作品 まとめ\1年生作品\イベント\2017年%40冬ハッカソン\冬ハッカソン\tutorial.cpp">
      <Filter>ソース ファイル</Filter>
    </ClCompile>
  </ItemGroup>
  <ItemGroup>
    <ClInclude Include="..\..\..\..\..\..\吉田学園情報ビジネス専門学校%40小林将兵\制作作品 まとめ\1年生作品\イベント\2017年%40冬ハッカソン\冬ハッカソン\bg.h">
      <Filter>ヘッダー ファイル</Filter>
    </ClInclude>
    <ClInclude Include="..\..\..\..\..\..\吉田学園情報ビジネス専門学校%40小林将兵\制作作品 まとめ\1年生作品\イベント\2017年%40冬ハッカソン\冬ハッカソン\bgtitle.h">
      <Filter>ヘッダー ファイル</Filter>
    </ClInclude>
    <ClInclude Include="..\..\..\..\..\..\吉田学園情報ビジネス専門学校%40小林将兵\制作作品 まとめ\1年生作品\イベント\2017年%40冬ハッカソン\冬ハッカソン\block.h">
      <Filter>ヘッダー ファイル</Filter>
    </ClInclude>
    <ClInclude Include="..\..\..\..\..\..\吉田学園情報ビジネス専門学校%40小林将兵\制作作品 まとめ\1年生作品\イベント\2017年%40冬ハッカソン\冬ハッカソン\callout.h">
      <Filter>ヘッダー ファイル</Filter>
    </ClInclude>
    <ClInclude Include="..\..\..\..\..\..\吉田学園情報ビジネス専門学校%40小林将兵\制作作品 まとめ\1年生作品\イベント\2017年%40冬ハッカソン\冬ハッカソン\fade.h">
      <Filter>ヘッダー ファイル</Filter>
    </ClInclude>
    <ClInclude Include="..\..\..\..\..\..\吉田学園情報ビジネス専門学校%40小林将兵\制作作品 まとめ\1年生作品\イベント\2017年%40冬ハッカソン\冬ハッカソン\game.h">
      <Filter>ヘッダー ファイル</Filter>
    </ClInclude>
    <ClInclude Include="..\..\..\..\..\..\吉田学園情報ビジネス専門学校%40小林将兵\制作作品 まとめ\1年生作品\イベント\2017年%40冬ハッカソン\冬ハッカソン\gameover.h">
      <Filter>ヘッダー ファイル</Filter>
    </ClInclude>
    <ClInclude Include="..\..\..\..\..\..\吉田学園情報ビジネス専門学校%40小林将兵\制作作品 まとめ\1年生作品\イベント\2017年%40冬ハッカソン\冬ハッカソン\input.h">
      <Filter>ヘッダー ファイル</Filter>
    </ClInclude>
    <ClInclude Include="..\..\..\..\..\..\吉田学園情報ビジネス専門学校%40小林将兵\制作作品 まとめ\1年生作品\イベント\2017年%40冬ハッカソン\冬ハッカソン\item.h">
      <Filter>ヘッダー ファイル</Filter>
    </ClInclude>
    <ClInclude Include="..\..\..\..\..\..\吉田学園情報ビジネス専門学校%40小林将兵\制作作品 まとめ\1年生作品\イベント\2017年%40冬ハッカソン\冬ハッカソン\itemstate.h">
      <Filter>ヘッダー ファイル</Filter>
    </ClInclude>
    <ClInclude Include="..\..\..\..\..\..\吉田学園情報ビジネス専門学校%40小林将兵\制作作品 まとめ\1年生作品\イベント\2017年%40冬ハッカソン\冬ハッカソン\main.h">
      <Filter>ヘッダー ファイル</Filter>
    </ClInclude>
    <ClInclude Include="..\..\..\..\..\..\吉田学園情報ビジネス専門学校%40小林将兵\制作作品 まとめ\1年生作品\イベント\2017年%40冬ハッカソン\冬ハッカソン\menu.h">
      <Filter>ヘッダー ファイル</Filter>
    </ClInclude>
    <ClInclude Include="..\..\..\..\..\..\吉田学園情報ビジネス専門学校%40小林将兵\制作作品 まとめ\1年生作品\イベント\2017年%40冬ハッカソン\冬ハッカソン\pause.h">
      <Filter>ヘッダー ファイル</Filter>
    </ClInclude>
    <ClInclude Include="..\..\..\..\..\..\吉田学園情報ビジネス専門学校%40小林将兵\制作作品 まとめ\1年生作品\イベント\2017年%40冬ハッカソン\冬ハッカソン\pausemenu.h">
      <Filter>ヘッダー ファイル</Filter>
    </ClInclude>
    <ClInclude Include="..\..\..\..\..\..\吉田学園情報ビジネス専門学校%40小林将兵\制作作品 まとめ\1年生作品\イベント\2017年%40冬ハッカソン\冬ハッカソン\player.h">
      <Filter>ヘッダー ファイル</Filter>
    </ClInclude>
    <ClInclude Include="..\..\..\..\..\..\吉田学園情報ビジネス専門学校%40小林将兵\制作作品 まとめ\1年生作品\イベント\2017年%40冬ハッカソン\冬ハッカソン\ranking.h">
      <Filter>ヘッダー ファイル</Filter>
    </ClInclude>
    <ClInclude Include="..\..\..\..\..\..\吉田学園情報ビジネス専門学校%40小林将兵\制作作品 まとめ\1年生作品\イベント\2017年%40冬ハッカソン\冬ハッカソン\result.h">
      <Filter>ヘッダー ファイル</Filter>
    </ClInclude>
    <ClInclude Include="..\..\..\..\..\..\吉田学園情報ビジネス専門学校%40小林将兵\制作作品 まとめ\1年生作品\イベント\2017年%40冬ハッカソン\冬ハッカソン\score.h">
      <Filter>ヘッダー ファイル</Filter>
    </ClInclude>
    <ClInclude Include="..\..\..\..\..\..\吉田学園情報ビジネス専門学校%40小林将兵\制作作品 まとめ\1年生作品\イベント\2017年%40冬ハッカソン\冬ハッカソン\snow.h">
      <Filter>ヘッダー ファイル</Filter>
    </ClInclude>
    <ClInclude Include="..\..\..\..\..\..\吉田学園情報ビジネス専門学校%40小林将兵\制作作品 まとめ\1年生作品\イベント\2017年%40冬ハッカソン\冬ハッカソン\sound.h">
      <Filter>ヘッダー ファイル</Filter>
    </ClInclude>
    <ClInclude Include="..\..\..\..\..\..\吉田学園情報ビジネス専門学校%40小林将兵\制作作品 まとめ\1年生作品\イベント\2017年%40冬ハッカソン\冬ハッカソン\statusbar.h">
      <Filter>ヘッダー ファイル</Filter>
    </ClInclude>
    <ClInclude Include="..\..\..\..\..\..\吉田学園情報ビジネス専門学校%40小林将兵\制作作品 まとめ\1年生作品\イベント\2017年%40冬ハッカソン\冬ハッカソン\time.h">
      <Filter>ヘッダー ファイル</Filter>
    </ClInclude>
    <ClInclude Include="..\..\..\..\..\..\吉田学園情報ビジネス専門学校%40小林将兵\制作作品 まとめ\1年生作品\イベント\2017年%40冬ハッカソン\冬ハッカソン\timer.h">
      <Filter>ヘッダー ファイル</Filter>
    </ClInclude>
    <ClInclude Include="..\..\..\..\..\..\吉田学園情報ビジネス専門学校%40小林将兵\制作作品 まとめ\1年生作品\イベント\2017年%40冬ハッカソン\冬ハッカソン\title.h">
      <Filter>ヘッダー ファイル</Filter>
    </ClInclude>
    <ClInclude Include="..\..\..\..\..\..\吉田学園情報ビジネス専門学校%40小林将兵\制作作品 まとめ\1年生作品\イベント\2017年%40冬ハッカソン\冬ハッカソン\tutorial.h">
      <Filter>ヘッダー ファイル</Filter>
    </ClInclude>
  </ItemGroup>
</Project>